
Microsoft Visual Studio Solution File, Format Version 12.00
# Visual Studio Version 16
VisualStudioVersion = 16.0.28527.54
MinimumVisualStudioVersion = 10.0.40219.1
Project("{FAE04EC0-301F-11D3-BF4B-00C04F79EFBC}") = "FormsDatePickerFocusSample.Android", "FormsDatePickerFocusSample\FormsDatePickerFocusSample.Android\FormsDatePickerFocusSample.Android.csproj", "{CFD932E7-A54A-46D4-AAE6-BA428799FA9A}"
EndProject
Project("{FAE04EC0-301F-11D3-BF4B-00C04F79EFBC}") = "FormsDatePickerFocusSample.iOS", "FormsDatePickerFocusSample\FormsDatePickerFocusSample.iOS\FormsDatePickerFocusSample.iOS.csproj", "{77CAB6E7-0EEA-4D2D-8E33-4CD40B652924}"
EndProject
Project("{FAE04EC0-301F-11D3-BF4B-00C04F79EFBC}") = "FormsDatePickerFocusSample", "FormsDatePickerFocusSample\FormsDatePickerFocusSample\FormsDatePickerFocusSample.csproj", "{D6EAB914-88E7-4EA6-836C-C4BF695EA93F}"
EndProject
Global
	GlobalSection(SolutionConfigurationPlatforms) = preSolution
		Debug|Any CPU = Debug|Any CPU
		Debug|iPhone = Debug|iPhone
		Debug|iPhoneSimulator = Debug|iPhoneSimulator
		Release|Any CPU = Release|Any CPU
		Release|iPhone = Release|iPhone
		Release|iPhoneSimulator = Release|iPhoneSimulator
	EndGlobalSection
	GlobalSection(ProjectConfigurationPlatforms) = postSolution
		{CFD932E7-A54A-46D4-AAE6-BA428799FA9A}.Debug|Any CPU.ActiveCfg = Debug|Any CPU
		{CFD932E7-A54A-46D4-AAE6-BA428799FA9A}.Debug|Any CPU.Build.0 = Debug|Any CPU
		{CFD932E7-A54A-46D4-AAE6-BA428799FA9A}.Debug|Any CPU.Deploy.0 = Debug|Any CPU
		{CFD932E7-A54A-46D4-AAE6-BA428799FA9A}.Debug|iPhone.ActiveCfg = Debug|Any CPU
		{CFD932E7-A54A-46D4-AAE6-BA428799FA9A}.Debug|iPhone.Build.0 = Debug|Any CPU
		{CFD932E7-A54A-46D4-AAE6-BA428799FA9A}.Debug|iPhone.Deploy.0 = Debug|Any CPU
		{CFD932E7-A54A-46D4-AAE6-BA428799FA9A}.Debug|iPhoneSimulator.ActiveCfg = Debug|Any CPU
		{CFD932E7-A54A-46D4-AAE6-BA428799FA9A}.Debug|iPhoneSimulator.Build.0 = Debug|Any CPU
		{CFD932E7-A54A-46D4-AAE6-BA428799FA9A}.Debug|iPhoneSimulator.Deploy.0 = Debug|Any CPU
		{CFD932E7-A54A-46D4-AAE6-BA428799FA9A}.Release|Any CPU.ActiveCfg = Release|Any CPU
		{CFD932E7-A54A-46D4-AAE6-BA428799FA9A}.Release|Any CPU.Build.0 = Release|Any CPU
		{CFD932E7-A54A-46D4-AAE6-BA428799FA9A}.Release|Any CPU.Deploy.0 = Release|Any CPU
		{CFD932E7-A54A-46D4-AAE6-BA428799FA9A}.Release|iPhone.ActiveCfg = Release|Any CPU
		{CFD932E7-A54A-46D4-AAE6-BA428799FA9A}.Release|iPhone.Build.0 = Release|Any CPU
		{CFD932E7-A54A-46D4-AAE6-BA428799FA9A}.Release|iPhone.Deploy.0 = Release|Any CPU
		{CFD932E7-A54A-46D4-AAE6-BA428799FA9A}.Release|iPhoneSimulator.ActiveCfg = Release|Any CPU
		{CFD932E7-A54A-46D4-AAE6-BA428799FA9A}.Release|iPhoneSimulator.Build.0 = Release|Any CPU
		{CFD932E7-A54A-46D4-AAE6-BA428799FA9A}.Release|iPhoneSimulator.Deploy.0 = Release|Any CPU
		{77CAB6E7-0EEA-4D2D-8E33-4CD40B652924}.Debug|Any CPU.ActiveCfg = Debug|iPhoneSimulator
		{77CAB6E7-0EEA-4D2D-8E33-4CD40B652924}.Debug|Any CPU.Build.0 = Debug|iPhoneSimulator
		{77CAB6E7-0EEA-4D2D-8E33-4CD40B652924}.Debug|Any CPU.Deploy.0 = Debug|iPhoneSimulator
		{77CAB6E7-0EEA-4D2D-8E33-4CD40B652924}.Debug|iPhone.ActiveCfg = Debug|iPhone
		{77CAB6E7-0EEA-4D2D-8E33-4CD40B652924}.Debug|iPhone.Build.0 = Debug|iPhone
		{77CAB6E7-0EEA-4D2D-8E33-4CD40B652924}.Debug|iPhone.Deploy.0 = Debug|iPhone
		{77CAB6E7-0EEA-4D2D-8E33-4CD40B652924}.Debug|iPhoneSimulator.ActiveCfg = Debug|iPhoneSimulator
		{77CAB6E7-0EEA-4D2D-8E33-4CD40B652924}.Debug|iPhoneSimulator.Build.0 = Debug|iPhoneSimulator
		{77CAB6E7-0EEA-4D2D-8E33-4CD40B652924}.Debug|iPhoneSimulator.Deploy.0 = Debug|iPhoneSimulator
		{77CAB6E7-0EEA-4D2D-8E33-4CD40B652924}.Release|Any CPU.ActiveCfg = Release|iPhone
		{77CAB6E7-0EEA-4D2D-8E33-4CD40B652924}.Release|Any CPU.Build.0 = Release|iPhone
		{77CAB6E7-0EEA-4D2D-8E33-4CD40B652924}.Release|Any CPU.Deploy.0 = Release|iPhone
		{77CAB6E7-0EEA-4D2D-8E33-4CD40B652924}.Release|iPhone.ActiveCfg = Release|iPhone
		{77CAB6E7-0EEA-4D2D-8E33-4CD40B652924}.Release|iPhone.Build.0 = Release|iPhone
		{77CAB6E7-0EEA-4D2D-8E33-4CD40B652924}.Release|iPhone.Deploy.0 = Release|iPhone
		{77CAB6E7-0EEA-4D2D-8E33-4CD40B652924}.Release|iPhoneSimulator.ActiveCfg = Release|iPhoneSimulator
		{77CAB6E7-0EEA-4D2D-8E33-4CD40B652924}.Release|iPhoneSimulator.Build.0 = Release|iPhoneSimulator
		{77CAB6E7-0EEA-4D2D-8E33-4CD40B652924}.Release|iPhoneSimulator.Deploy.0 = Release|iPhoneSimulator
		{D6EAB914-88E7-4EA6-836C-C4BF695EA93F}.Debug|Any CPU.ActiveCfg = Debug|Any CPU
		{D6EAB914-88E7-4EA6-836C-C4BF695EA93F}.Debug|Any CPU.Build.0 = Debug|Any CPU
		{D6EAB914-88E7-4EA6-836C-C4BF695EA93F}.Debug|Any CPU.Deploy.0 = Debug|Any CPU
		{D6EAB914-88E7-4EA6-836C-C4BF695EA93F}.Debug|iPhone.ActiveCfg = Debug|Any CPU
		{D6EAB914-88E7-4EA6-836C-C4BF695EA93F}.Debug|iPhone.Build.0 = Debug|Any CPU
		{D6EAB914-88E7-4EA6-836C-C4BF695EA93F}.Debug|iPhone.Deploy.0 = Debug|Any CPU
		{D6EAB914-88E7-4EA6-836C-C4BF695EA93F}.Debug|iPhoneSimulator.ActiveCfg = Debug|Any CPU
		{D6EAB914-88E7-4EA6-836C-C4BF695EA93F}.Debug|iPhoneSimulator.Build.0 = Debug|Any CPU
		{D6EAB914-88E7-4EA6-836C-C4BF695EA93F}.Debug|iPhoneSimulator.Deploy.0 = Debug|Any CPU
		{D6EAB914-88E7-4EA6-836C-C4BF695EA93F}.Release|Any CPU.ActiveCfg = Release|Any CPU
		{D6EAB914-88E7-4EA6-836C-C4BF695EA93F}.Release|Any CPU.Build.0 = Release|Any CPU
		{D6EAB914-88E7-4EA6-836C-C4BF695EA93F}.Release|Any CPU.Deploy.0 = Release|Any CPU
		{D6EAB914-88E7-4EA6-836C-C4BF695EA93F}.Release|iPhone.ActiveCfg = Release|Any CPU
		{D6EAB914-88E7-4EA6-836C-C4BF695EA93F}.Release|iPhone.Build.0 = Release|Any CPU
		{D6EAB914-88E7-4EA6-836C-C4BF695EA93F}.Release|iPhone.Deploy.0 = Release|Any CPU
		{D6EAB914-88E7-4EA6-836C-C4BF695EA93F}.Release|iPhoneSimulator.ActiveCfg = Release|Any CPU
		{D6EAB914-88E7-4EA6-836C-C4BF695EA93F}.Release|iPhoneSimulator.Build.0 = Release|Any CPU
		{D6EAB914-88E7-4EA6-836C-C4BF695EA93F}.Release|iPhoneSimulator.Deploy.0 = Release|Any CPU
	EndGlobalSection
	GlobalSection(SolutionProperties) = preSolution
		HideSolutionNode = FALSE
	EndGlobalSection
	GlobalSection(ExtensibilityGlobals) = postSolution
		SolutionGuid = {EF957603-C70C-4D26-A3E3-180FBB9F654D}
	EndGlobalSection
EndGlobal
